
Microsoft Visual Studio Solution File, Format Version 12.00
# Visual Studio Version 16
VisualStudioVersion = 16.0.31911.196
MinimumVisualStudioVersion = 10.0.40219.1
Project("{FAE04EC0-301F-11D3-BF4B-00C04F79EFBC}") = "ByteBank.SistemaAgencia", "ByteBank.SistemaAgencia\ByteBank.SistemaAgencia.csproj", "{F8233977-9D0C-4803-9EC2-458DEE79C6C9}"
EndProject
Project("{FAE04EC0-301F-11D3-BF4B-00C04F79EFBC}") = "ByteBank.Modelos", "ByteBank.Modelos\ByteBank.Modelos.csproj", "{425847B3-77EF-427C-AF7E-979B630E0AAF}"
EndProject
Global
	GlobalSection(SolutionConfigurationPlatforms) = preSolution
		Debug|Any CPU = Debug|Any CPU
		Release|Any CPU = Release|Any CPU
	EndGlobalSection
	GlobalSection(ProjectConfigurationPlatforms) = postSolution
		{F8233977-9D0C-4803-9EC2-458DEE79C6C9}.Debug|Any CPU.ActiveCfg = Debug|Any CPU
		{F8233977-9D0C-4803-9EC2-458DEE79C6C9}.Debug|Any CPU.Build.0 = Debug|Any CPU
		{F8233977-9D0C-4803-9EC2-458DEE79C6C9}.Release|Any CPU.ActiveCfg = Release|Any CPU
		{F8233977-9D0C-4803-9EC2-458DEE79C6C9}.Release|Any CPU.Build.0 = Release|Any CPU
		{425847B3-77EF-427C-AF7E-979B630E0AAF}.Debug|Any CPU.ActiveCfg = Debug|Any CPU
		{425847B3-77EF-427C-AF7E-979B630E0AAF}.Debug|Any CPU.Build.0 = Debug|Any CPU
		{425847B3-77EF-427C-AF7E-979B630E0AAF}.Release|Any CPU.ActiveCfg = Release|Any CPU
		{425847B3-77EF-427C-AF7E-979B630E0AAF}.Release|Any CPU.Build.0 = Release|Any CPU
	EndGlobalSection
	GlobalSection(SolutionProperties) = preSolution
		HideSolutionNode = FALSE
	EndGlobalSection
	GlobalSection(ExtensibilityGlobals) = postSolution
		SolutionGuid = {D72DBC6F-4655-48A1-9980-A06788ED0881}
	EndGlobalSection
EndGlobal
